<?xml version="1.0" encoding="utf-8"?>
<Project ToolsVersion="4.0" xmlns="http://schemas.microsoft.com/developer/msbuild/2003">
  <ItemGroup>
    <Filter Include="Source Files">
      <UniqueIdentifier>{c0d3c19a-2d06-4620-b14a-7f217797456e}</UniqueIdentifier>
      <Extensions>cpp;c;cxx;def;odl;idl;hpj;bat;asm</Extensions>
    </Filter>
    <Filter Include="Header Files">
      <UniqueIdentifier>{b10b9f47-9e80-412b-8d78-23f3e204d1d9}</UniqueIdentifier>
      <Extensions>h;hpp;hxx;hm;inl;inc</Extensions>
    </Filter>
    <Filter Include="Resource Files">
      <UniqueIdentifier>{7f7f33c5-1cd0-4986-911f-54dbfe4d57cc}</UniqueIdentifier>
      <Extensions>rc;ico;cur;bmp;dlg;rc2;rct;bin;rgs;jpg;jpeg;jpe;manifest</Extensions>
    </Filter>
    <Filter Include="Resource Files\Icons">
      <UniqueIdentifier>{0d3366c3-bdb4-4b7b-86fc-ebc62247f057}</UniqueIdentifier>
    </Filter>
    <Filter Include="Views">
      <UniqueIdentifier>{416f42c3-528e-40bc-bee7-f6f88bd0f4c3}</UniqueIdentifier>
    </Filter>
    <Filter Include="HexControl">
      <UniqueIdentifier>{f173c94d-4c44-4586-a906-a9a47c6f1fc7}</UniqueIdentifier>
    </Filter>
  </ItemGroup>
  <ItemGroup>
    <ClCompile Include="pch.cpp">
      <Filter>Source Files</Filter>
    </ClCompile>
    <ClCompile Include="TotalPE.cpp">
      <Filter>Source Files</Filter>
    </ClCompile>
    <ClCompile Include="MainFrm.cpp">
      <Filter>Source Files</Filter>
    </ClCompile>
    <ClCompile Include="AboutDlg.cpp">
      <Filter>Source Files</Filter>
    </ClCompile>
    <ClCompile Include="PEStrings.cpp">
      <Filter>Source Files</Filter>
    </ClCompile>
    <ClCompile Include="ViewManager.cpp">
      <Filter>Source Files</Filter>
    </ClCompile>
    <ClCompile Include="View.cpp">
      <Filter>Views</Filter>
    </ClCompile>
    <ClCompile Include="PEImageView.cpp">
      <Filter>Views</Filter>
    </ClCompile>
    <ClCompile Include="SectionsView.cpp">
      <Filter>Views</Filter>
    </ClCompile>
    <ClCompile Include="TextView.cpp">
      <Filter>Views</Filter>
    </ClCompile>
    <ClCompile Include="ReadOnlyHexView.cpp">
      <Filter>Views</Filter>
    </ClCompile>
    <ClCompile Include="SimpleHexControl.cpp">
      <Filter>HexControl</Filter>
    </ClCompile>
    <ClCompile Include="BufferManager.cpp">
      <Filter>HexControl</Filter>
    </ClCompile>
    <ClCompile Include="Selection.cpp">
      <Filter>HexControl</Filter>
    </ClCompile>
    <ClCompile Include="MemoryBuffer.cpp">
      <Filter>HexControl</Filter>
    </ClCompile>
  </ItemGroup>
  <ItemGroup>
    <ClInclude Include="pch.h">
      <Filter>Header Files</Filter>
    </ClInclude>
    <ClInclude Include="MainFrm.h">
      <Filter>Header Files</Filter>
    </ClInclude>
    <ClInclude Include="AboutDlg.h">
      <Filter>Header Files</Filter>
    </ClInclude>
    <ClInclude Include="resource.h">
      <Filter>Resource Files</Filter>
    </ClInclude>
    <ClInclude Include="PEStrings.h">
      <Filter>Header Files</Filter>
    </ClInclude>
    <ClInclude Include="ViewManager.h">
      <Filter>Header Files</Filter>
    </ClInclude>
    <ClInclude Include="Interfaces.h">
      <Filter>Header Files</Filter>
    </ClInclude>
    <ClInclude Include="View.h">
      <Filter>Views</Filter>
    </ClInclude>
    <ClInclude Include="PEImageView.h">
      <Filter>Views</Filter>
    </ClInclude>
    <ClInclude Include="SectionsView.h">
      <Filter>Views</Filter>
    </ClInclude>
    <ClInclude Include="TextView.h">
      <Filter>Views</Filter>
    </ClInclude>
    <ClInclude Include="ReadOnlyHexView.h">
      <Filter>Views</Filter>
    </ClInclude>
    <ClInclude Include="SimpleHexControl.h">
      <Filter>HexControl</Filter>
    </ClInclude>
    <ClInclude Include="BufferManager.h">
      <Filter>HexControl</Filter>
    </ClInclude>
    <ClInclude Include="MemoryBuffer.h">
      <Filter>HexControl</Filter>
    </ClInclude>
    <ClInclude Include="Selection.h">
      <Filter>HexControl</Filter>
    </ClInclude>
  </ItemGroup>
  <ItemGroup>
    <ResourceCompile Include="TotalPE.rc">
      <Filter>Resource Files</Filter>
    </ResourceCompile>
  </ItemGroup>
  <ItemGroup>
    <Image Include="res\folder.ico">
      <Filter>Resource Files\Icons</Filter>
    </Image>
    <Image Include="res\folder_closed.ico">
      <Filter>Resource Files\Icons</Filter>
    </Image>
    <Image Include="res\headers.ico">
      <Filter>Resource Files\Icons</Filter>
    </Image>
    <Image Include="res\resources.ico">
      <Filter>Resource Files\Icons</Filter>
    </Image>
    <Image Include="res\section.ico">
      <Filter>Resource Files\Icons</Filter>
    </Image>
    <Image Include="res\TotalPE.ico">
      <Filter>Resource Files\Icons</Filter>
    </Image>
    <Image Include="res\sections.ico">
      <Filter>Resource Files\Icons</Filter>
    </Image>
    <Image Include="res\copy.ico">
      <Filter>Resource Files\Icons</Filter>
    </Image>
    <Image Include="res\manifest.ico">
      <Filter>Resource Files\Icons</Filter>
    </Image>
    <Image Include="res\open.ico">
      <Filter>Resource Files\Icons</Filter>
    </Image>
    <Image Include="res\paste.ico">
      <Filter>Resource Files\Icons</Filter>
    </Image>
    <Image Include="res\cursor.ico">
      <Filter>Resource Files\Icons</Filter>
    </Image>
    <Image Include="res\form.ico">
      <Filter>Resource Files\Icons</Filter>
    </Image>
    <Image Include="res\icon.ico">
      <Filter>Resource Files\Icons</Filter>
    </Image>
    <Image Include="res\version.ico">
      <Filter>Resource Files\Icons</Filter>
    </Image>
    <Image Include="res\bitmap.ico">
      <Filter>Resource Files\Icons</Filter>
    </Image>
    <Image Include="res\font.ico">
      <Filter>Resource Files\Icons</Filter>
    </Image>
    <Image Include="res\globe.ico">
      <Filter>Resource Files\Icons</Filter>
    </Image>
    <Image Include="res\html.ico">
      <Filter>Resource Files\Icons</Filter>
    </Image>
  </ItemGroup>
  <ItemGroup>
    <None Include="packages.config" />
  </ItemGroup>
</Project>