<?xml version="1.0" encoding="utf-8"?>
<Project ToolsVersion="4.0" xmlns="http://schemas.microsoft.com/developer/msbuild/2003">
  <ItemGroup>
    <Filter Include="Source Files">
      <UniqueIdentifier>{c0d3c19a-2d06-4620-b14a-7f217797456e}</UniqueIdentifier>
      <Extensions>cpp;c;cxx;def;odl;idl;hpj;bat;asm</Extensions>
    </Filter>
    <Filter Include="Header Files">
      <UniqueIdentifier>{b10b9f47-9e80-412b-8d78-23f3e204d1d9}</UniqueIdentifier>
      <Extensions>h;hpp;hxx;hm;inl;inc</Extensions>
    </Filter>
    <Filter Include="Resource Files">
      <UniqueIdentifier>{7f7f33c5-1cd0-4986-911f-54dbfe4d57cc}</UniqueIdentifier>
      <Extensions>rc;ico;cur;bmp;dlg;rc2;rct;bin;rgs;jpg;jpeg;jpe;manifest</Extensions>
    </Filter>
    <Filter Include="Resource Files\Icons">
      <UniqueIdentifier>{0d3366c3-bdb4-4b7b-86fc-ebc62247f057}</UniqueIdentifier>
    </Filter>
    <Filter Include="Views">
      <UniqueIdentifier>{416f42c3-528e-40bc-bee7-f6f88bd0f4c3}</UniqueIdentifier>
    </Filter>
    <Filter Include="HexControl">
      <UniqueIdentifier>{f173c94d-4c44-4586-a906-a9a47c6f1fc7}</UniqueIdentifier>
    </Filter>
    <Filter Include="Helpers">
      <UniqueIdentifier>{6daecbb8-f0d9-473b-ac07-cefc757e01a0}</UniqueIdentifier>
    </Filter>
  </ItemGroup>
  <ItemGroup>
    <ClCompile Include="pch.cpp">
      <Filter>Source Files</Filter>
    </ClCompile>
    <ClCompile Include="TotalPE.cpp">
      <Filter>Source Files</Filter>
    </ClCompile>
    <ClCompile Include="MainFrm.cpp">
      <Filter>Source Files</Filter>
    </ClCompile>
    <ClCompile Include="AboutDlg.cpp">
      <Filter>Source Files</Filter>
    </ClCompile>
    <ClCompile Include="PEStrings.cpp">
      <Filter>Source Files</Filter>
    </ClCompile>
    <ClCompile Include="ViewManager.cpp">
      <Filter>Source Files</Filter>
    </ClCompile>
    <ClCompile Include="View.cpp">
      <Filter>Views</Filter>
    </ClCompile>
    <ClCompile Include="PEImageView.cpp">
      <Filter>Views</Filter>
    </ClCompile>
    <ClCompile Include="SectionsView.cpp">
      <Filter>Views</Filter>
    </ClCompile>
    <ClCompile Include="TextView.cpp">
      <Filter>Views</Filter>
    </ClCompile>
    <ClCompile Include="ReadOnlyHexView.cpp">
      <Filter>Views</Filter>
    </ClCompile>
    <ClCompile Include="SimpleHexControl.cpp">
      <Filter>HexControl</Filter>
    </ClCompile>
    <ClCompile Include="BufferManager.cpp">
      <Filter>HexControl</Filter>
    </ClCompile>
    <ClCompile Include="Selection.cpp">
      <Filter>HexControl</Filter>
    </ClCompile>
    <ClCompile Include="MemoryBuffer.cpp">
      <Filter>HexControl</Filter>
    </ClCompile>
    <ClCompile Include="ExportsView.cpp">
      <Filter>Views</Filter>
    </ClCompile>
    <ClCompile Include="ImportsView.cpp">
      <Filter>Views</Filter>
    </ClCompile>
    <ClCompile Include="DirectoriesView.cpp">
      <Filter>Views</Filter>
    </ClCompile>
    <ClCompile Include="VersionView.cpp">
      <Filter>Views</Filter>
    </ClCompile>
    <ClCompile Include="DebugView.cpp">
      <Filter>Views</Filter>
    </ClCompile>
    <ClCompile Include="ResourcesView.cpp">
      <Filter>Views</Filter>
    </ClCompile>
    <ClCompile Include="SecurityHelper.cpp">
      <Filter>Helpers</Filter>
    </ClCompile>
    <ClCompile Include="RecentFilesManager.cpp">
      <Filter>Source Files</Filter>
    </ClCompile>
    <ClCompile Include="AppSettings.cpp">
      <Filter>Source Files</Filter>
    </ClCompile>
    <ClCompile Include="AssemblyView.cpp">
      <Filter>Source Files</Filter>
    </ClCompile>
    <ClCompile Include="GenericWindow.cpp">
      <Filter>Source Files</Filter>
    </ClCompile>
  </ItemGroup>
  <ItemGroup>
    <ClInclude Include="pch.h">
      <Filter>Header Files</Filter>
    </ClInclude>
    <ClInclude Include="MainFrm.h">
      <Filter>Header Files</Filter>
    </ClInclude>
    <ClInclude Include="AboutDlg.h">
      <Filter>Header Files</Filter>
    </ClInclude>
    <ClInclude Include="resource.h">
      <Filter>Resource Files</Filter>
    </ClInclude>
    <ClInclude Include="PEStrings.h">
      <Filter>Header Files</Filter>
    </ClInclude>
    <ClInclude Include="ViewManager.h">
      <Filter>Header Files</Filter>
    </ClInclude>
    <ClInclude Include="Interfaces.h">
      <Filter>Header Files</Filter>
    </ClInclude>
    <ClInclude Include="View.h">
      <Filter>Views</Filter>
    </ClInclude>
    <ClInclude Include="PEImageView.h">
      <Filter>Views</Filter>
    </ClInclude>
    <ClInclude Include="SectionsView.h">
      <Filter>Views</Filter>
    </ClInclude>
    <ClInclude Include="TextView.h">
      <Filter>Views</Filter>
    </ClInclude>
    <ClInclude Include="ReadOnlyHexView.h">
      <Filter>Views</Filter>
    </ClInclude>
    <ClInclude Include="SimpleHexControl.h">
      <Filter>HexControl</Filter>
    </ClInclude>
    <ClInclude Include="BufferManager.h">
      <Filter>HexControl</Filter>
    </ClInclude>
    <ClInclude Include="MemoryBuffer.h">
      <Filter>HexControl</Filter>
    </ClInclude>
    <ClInclude Include="Selection.h">
      <Filter>HexControl</Filter>
    </ClInclude>
    <ClInclude Include="ExportsView.h">
      <Filter>Views</Filter>
    </ClInclude>
    <ClInclude Include="ImportsView.h">
      <Filter>Views</Filter>
    </ClInclude>
    <ClInclude Include="DirectoriesView.h">
      <Filter>Views</Filter>
    </ClInclude>
    <ClInclude Include="VersionView.h">
      <Filter>Views</Filter>
    </ClInclude>
    <ClInclude Include="DebugView.h">
      <Filter>Views</Filter>
    </ClInclude>
    <ClInclude Include="ResourcesView.h">
      <Filter>Views</Filter>
    </ClInclude>
    <ClInclude Include="SecurityHelper.h">
      <Filter>Helpers</Filter>
    </ClInclude>
    <ClInclude Include="RecentFilesManager.h">
      <Filter>Header Files</Filter>
    </ClInclude>
    <ClInclude Include="AppSettings.h">
      <Filter>Header Files</Filter>
    </ClInclude>
    <ClInclude Include="AssemblyView.h">
      <Filter>Header Files</Filter>
    </ClInclude>
    <ClInclude Include="GenericWindow.h">
      <Filter>Header Files</Filter>
    </ClInclude>
  </ItemGroup>
  <ItemGroup>
    <ResourceCompile Include="TotalPE.rc">
      <Filter>Resource Files</Filter>
    </ResourceCompile>
  </ItemGroup>
  <ItemGroup>
    <Image Include="res\folder.ico">
      <Filter>Resource Files\Icons</Filter>
    </Image>
    <Image Include="res\folder_closed.ico">
      <Filter>Resource Files\Icons</Filter>
    </Image>
    <Image Include="res\headers.ico">
      <Filter>Resource Files\Icons</Filter>
    </Image>
    <Image Include="res\resources.ico">
      <Filter>Resource Files\Icons</Filter>
    </Image>
    <Image Include="res\section.ico">
      <Filter>Resource Files\Icons</Filter>
    </Image>
    <Image Include="res\TotalPE.ico">
      <Filter>Resource Files\Icons</Filter>
    </Image>
    <Image Include="res\sections.ico">
      <Filter>Resource Files\Icons</Filter>
    </Image>
    <Image Include="res\copy.ico">
      <Filter>Resource Files\Icons</Filter>
    </Image>
    <Image Include="res\manifest.ico">
      <Filter>Resource Files\Icons</Filter>
    </Image>
    <Image Include="res\open.ico">
      <Filter>Resource Files\Icons</Filter>
    </Image>
    <Image Include="res\paste.ico">
      <Filter>Resource Files\Icons</Filter>
    </Image>
    <Image Include="res\cursor.ico">
      <Filter>Resource Files\Icons</Filter>
    </Image>
    <Image Include="res\form.ico">
      <Filter>Resource Files\Icons</Filter>
    </Image>
    <Image Include="res\icon.ico">
      <Filter>Resource Files\Icons</Filter>
    </Image>
    <Image Include="res\version.ico">
      <Filter>Resource Files\Icons</Filter>
    </Image>
    <Image Include="res\bitmap.ico">
      <Filter>Resource Files\Icons</Filter>
    </Image>
    <Image Include="res\font.ico">
      <Filter>Resource Files\Icons</Filter>
    </Image>
    <Image Include="res\globe.ico">
      <Filter>Resource Files\Icons</Filter>
    </Image>
    <Image Include="res\html.ico">
      <Filter>Resource Files\Icons</Filter>
    </Image>
    <Image Include="res\number-1.ico">
      <Filter>Resource Files\Icons</Filter>
    </Image>
    <Image Include="res\number-2.ico">
      <Filter>Resource Files\Icons</Filter>
    </Image>
    <Image Include="res\number-4.ico">
      <Filter>Resource Files\Icons</Filter>
    </Image>
    <Image Include="res\number-8-2.ico">
      <Filter>Resource Files\Icons</Filter>
    </Image>
    <Image Include="res\save.ico">
      <Filter>Resource Files\Icons</Filter>
    </Image>
    <Image Include="res\check.ico">
      <Filter>Resource Files\Icons</Filter>
    </Image>
    <Image Include="res\circle.ico">
      <Filter>Resource Files\Icons</Filter>
    </Image>
    <Image Include="res\database-export.ico">
      <Filter>Resource Files\Icons</Filter>
    </Image>
    <Image Include="res\database-import.ico">
      <Filter>Resource Files\Icons</Filter>
    </Image>
    <Image Include="res\keyboard.ico">
      <Filter>Resource Files\Icons</Filter>
    </Image>
    <Image Include="res\method-import.ico">
      <Filter>Resource Files\Icons</Filter>
    </Image>
    <Image Include="res\method.ico">
      <Filter>Resource Files\Icons</Filter>
    </Image>
    <Image Include="res\method-export.ico">
      <Filter>Resource Files\Icons</Filter>
    </Image>
    <Image Include="res\library-import.ico">
      <Filter>Resource Files\Icons</Filter>
    </Image>
    <Image Include="res\function.ico">
      <Filter>Resource Files\Icons</Filter>
    </Image>
    <Image Include="res\function-export.ico">
      <Filter>Resource Files\Icons</Filter>
    </Image>
    <Image Include="res\function-import.ico">
      <Filter>Resource Files\Icons</Filter>
    </Image>
    <Image Include="res\interface.ico">
      <Filter>Resource Files\Icons</Filter>
    </Image>
    <Image Include="res\time-import.ico">
      <Filter>Resource Files\Icons</Filter>
    </Image>
    <Image Include="res\pin_green.ico">
      <Filter>Resource Files\Icons</Filter>
    </Image>
    <Image Include="res\Exception.ico">
      <Filter>Resource Files\Icons</Filter>
    </Image>
    <Image Include="res\debug.ico">
      <Filter>Resource Files\Icons</Filter>
    </Image>
    <Image Include="res\code.ico">
      <Filter>Resource Files\Icons</Filter>
    </Image>
  </ItemGroup>
  <ItemGroup>
    <None Include="packages.config" />
  </ItemGroup>
</Project>